
Microsoft Visual Studio Solution File, Format Version 12.00
# Visual Studio Version 17
VisualStudioVersion = 17.6.33723.286
MinimumVisualStudioVersion = 10.0.40219.1
Project("{FAE04EC0-301F-11D3-BF4B-00C04F79EFBC}") = "aqrs_catalog.CatalogAPI", "aqrs_catalog.CatalogAPI\aqrs_catalog.CatalogAPI.csproj", "{7590942C-B23B-4675-9836-733AD6A1D16C}"
EndProject
Global
	GlobalSection(SolutionConfigurationPlatforms) = preSolution
		Debug|Any CPU = Debug|Any CPU
		Release|Any CPU = Release|Any CPU
	EndGlobalSection
	GlobalSection(ProjectConfigurationPlatforms) = postSolution
		{7590942C-B23B-4675-9836-733AD6A1D16C}.Debug|Any CPU.ActiveCfg = Debug|Any CPU
		{7590942C-B23B-4675-9836-733AD6A1D16C}.Debug|Any CPU.Build.0 = Debug|Any CPU
		{7590942C-B23B-4675-9836-733AD6A1D16C}.Release|Any CPU.ActiveCfg = Release|Any CPU
		{7590942C-B23B-4675-9836-733AD6A1D16C}.Release|Any CPU.Build.0 = Release|Any CPU
	EndGlobalSection
	GlobalSection(SolutionProperties) = preSolution
		HideSolutionNode = FALSE
	EndGlobalSection
	GlobalSection(ExtensibilityGlobals) = postSolution
		SolutionGuid = {E5943AA0-5346-4734-BA0E-9A95FC55DA98}
	EndGlobalSection
EndGlobal
